
Microsoft Visual Studio Solution File, Format Version 12.00
# Visual Studio 15
VisualStudioVersion = 15.0.27428.2027
MinimumVisualStudioVersion = 10.0.40219.1
Project("{FAE04EC0-301F-11D3-BF4B-00C04F79EFBC}") = "TrackerApp.Android", "TrackerApp\TrackerApp.Android\TrackerApp.Android.csproj", "{70ED6FC9-C657-4760-9BFF-071FAD98FCA1}"
EndProject
Project("{FAE04EC0-301F-11D3-BF4B-00C04F79EFBC}") = "TrackerApp.iOS", "TrackerApp\TrackerApp.iOS\TrackerApp.iOS.csproj", "{2FE0FB4F-78F3-460E-A0AF-DF443AF4A9C3}"
EndProject
Project("{FAE04EC0-301F-11D3-BF4B-00C04F79EFBC}") = "TrackerApp", "TrackerApp\TrackerApp\TrackerApp.csproj", "{7D076F0D-2CE5-4A77-9163-05745B162ADD}"
EndProject
Global
	GlobalSection(SolutionConfigurationPlatforms) = preSolution
		Ad-Hoc|Any CPU = Ad-Hoc|Any CPU
		Ad-Hoc|iPhone = Ad-Hoc|iPhone
		Ad-Hoc|iPhoneSimulator = Ad-Hoc|iPhoneSimulator
		AppStore|Any CPU = AppStore|Any CPU
		AppStore|iPhone = AppStore|iPhone
		AppStore|iPhoneSimulator = AppStore|iPhoneSimulator
		Debug|Any CPU = Debug|Any CPU
		Debug|iPhone = Debug|iPhone
		Debug|iPhoneSimulator = Debug|iPhoneSimulator
		Release|Any CPU = Release|Any CPU
		Release|iPhone = Release|iPhone
		Release|iPhoneSimulator = Release|iPhoneSimulator
	EndGlobalSection
	GlobalSection(ProjectConfigurationPlatforms) = postSolution
		{70ED6FC9-C657-4760-9BFF-071FAD98FCA1}.Ad-Hoc|Any CPU.ActiveCfg = Release|Any CPU
		{70ED6FC9-C657-4760-9BFF-071FAD98FCA1}.Ad-Hoc|Any CPU.Build.0 = Release|Any CPU
		{70ED6FC9-C657-4760-9BFF-071FAD98FCA1}.Ad-Hoc|Any CPU.Deploy.0 = Release|Any CPU
		{70ED6FC9-C657-4760-9BFF-071FAD98FCA1}.Ad-Hoc|iPhone.ActiveCfg = Release|Any CPU
		{70ED6FC9-C657-4760-9BFF-071FAD98FCA1}.Ad-Hoc|iPhone.Build.0 = Release|Any CPU
		{70ED6FC9-C657-4760-9BFF-071FAD98FCA1}.Ad-Hoc|iPhone.Deploy.0 = Release|Any CPU
		{70ED6FC9-C657-4760-9BFF-071FAD98FCA1}.Ad-Hoc|iPhoneSimulator.ActiveCfg = Release|Any CPU
		{70ED6FC9-C657-4760-9BFF-071FAD98FCA1}.Ad-Hoc|iPhoneSimulator.Build.0 = Release|Any CPU
		{70ED6FC9-C657-4760-9BFF-071FAD98FCA1}.Ad-Hoc|iPhoneSimulator.Deploy.0 = Release|Any CPU
		{70ED6FC9-C657-4760-9BFF-071FAD98FCA1}.AppStore|Any CPU.ActiveCfg = Release|Any CPU
		{70ED6FC9-C657-4760-9BFF-071FAD98FCA1}.AppStore|Any CPU.Build.0 = Release|Any CPU
		{70ED6FC9-C657-4760-9BFF-071FAD98FCA1}.AppStore|Any CPU.Deploy.0 = Release|Any CPU
		{70ED6FC9-C657-4760-9BFF-071FAD98FCA1}.AppStore|iPhone.ActiveCfg = Release|Any CPU
		{70ED6FC9-C657-4760-9BFF-071FAD98FCA1}.AppStore|iPhone.Build.0 = Release|Any CPU
		{70ED6FC9-C657-4760-9BFF-071FAD98FCA1}.AppStore|iPhone.Deploy.0 = Release|Any CPU
		{70ED6FC9-C657-4760-9BFF-071FAD98FCA1}.AppStore|iPhoneSimulator.ActiveCfg = Release|Any CPU
		{70ED6FC9-C657-4760-9BFF-071FAD98FCA1}.AppStore|iPhoneSimulator.Build.0 = Release|Any CPU
		{70ED6FC9-C657-4760-9BFF-071FAD98FCA1}.AppStore|iPhoneSimulator.Deploy.0 = Release|Any CPU
		{70ED6FC9-C657-4760-9BFF-071FAD98FCA1}.Debug|Any CPU.ActiveCfg = Debug|Any CPU
		{70ED6FC9-C657-4760-9BFF-071FAD98FCA1}.Debug|Any CPU.Build.0 = Debug|Any CPU
		{70ED6FC9-C657-4760-9BFF-071FAD98FCA1}.Debug|Any CPU.Deploy.0 = Debug|Any CPU
		{70ED6FC9-C657-4760-9BFF-071FAD98FCA1}.Debug|iPhone.ActiveCfg = Debug|Any CPU
		{70ED6FC9-C657-4760-9BFF-071FAD98FCA1}.Debug|iPhone.Build.0 = Debug|Any CPU
		{70ED6FC9-C657-4760-9BFF-071FAD98FCA1}.Debug|iPhone.Deploy.0 = Debug|Any CPU
		{70ED6FC9-C657-4760-9BFF-071FAD98FCA1}.Debug|iPhoneSimulator.ActiveCfg = Debug|Any CPU
		{70ED6FC9-C657-4760-9BFF-071FAD98FCA1}.Debug|iPhoneSimulator.Build.0 = Debug|Any CPU
		{70ED6FC9-C657-4760-9BFF-071FAD98FCA1}.Debug|iPhoneSimulator.Deploy.0 = Debug|Any CPU
		{70ED6FC9-C657-4760-9BFF-071FAD98FCA1}.Release|Any CPU.ActiveCfg = Release|Any CPU
		{70ED6FC9-C657-4760-9BFF-071FAD98FCA1}.Release|Any CPU.Build.0 = Release|Any CPU
		{70ED6FC9-C657-4760-9BFF-071FAD98FCA1}.Release|Any CPU.Deploy.0 = Release|Any CPU
		{70ED6FC9-C657-4760-9BFF-071FAD98FCA1}.Release|iPhone.ActiveCfg = Release|Any CPU
		{70ED6FC9-C657-4760-9BFF-071FAD98FCA1}.Release|iPhone.Build.0 = Release|Any CPU
		{70ED6FC9-C657-4760-9BFF-071FAD98FCA1}.Release|iPhone.Deploy.0 = Release|Any CPU
		{70ED6FC9-C657-4760-9BFF-071FAD98FCA1}.Release|iPhoneSimulator.ActiveCfg = Release|Any CPU
		{70ED6FC9-C657-4760-9BFF-071FAD98FCA1}.Release|iPhoneSimulator.Build.0 = Release|Any CPU
		{70ED6FC9-C657-4760-9BFF-071FAD98FCA1}.Release|iPhoneSimulator.Deploy.0 = Release|Any CPU
		{2FE0FB4F-78F3-460E-A0AF-DF443AF4A9C3}.Ad-Hoc|Any CPU.ActiveCfg = Ad-Hoc|iPhone
		{2FE0FB4F-78F3-460E-A0AF-DF443AF4A9C3}.Ad-Hoc|iPhone.ActiveCfg = Ad-Hoc|iPhone
		{2FE0FB4F-78F3-460E-A0AF-DF443AF4A9C3}.Ad-Hoc|iPhone.Build.0 = Ad-Hoc|iPhone
		{2FE0FB4F-78F3-460E-A0AF-DF443AF4A9C3}.Ad-Hoc|iPhoneSimulator.ActiveCfg = Ad-Hoc|iPhoneSimulator
		{2FE0FB4F-78F3-460E-A0AF-DF443AF4A9C3}.Ad-Hoc|iPhoneSimulator.Build.0 = Ad-Hoc|iPhoneSimulator
		{2FE0FB4F-78F3-460E-A0AF-DF443AF4A9C3}.AppStore|Any CPU.ActiveCfg = AppStore|iPhone
		{2FE0FB4F-78F3-460E-A0AF-DF443AF4A9C3}.AppStore|iPhone.ActiveCfg = AppStore|iPhone
		{2FE0FB4F-78F3-460E-A0AF-DF443AF4A9C3}.AppStore|iPhone.Build.0 = AppStore|iPhone
		{2FE0FB4F-78F3-460E-A0AF-DF443AF4A9C3}.AppStore|iPhoneSimulator.ActiveCfg = AppStore|iPhoneSimulator
		{2FE0FB4F-78F3-460E-A0AF-DF443AF4A9C3}.AppStore|iPhoneSimulator.Build.0 = AppStore|iPhoneSimulator
		{2FE0FB4F-78F3-460E-A0AF-DF443AF4A9C3}.Debug|Any CPU.ActiveCfg = Debug|iPhone
		{2FE0FB4F-78F3-460E-A0AF-DF443AF4A9C3}.Debug|iPhone.ActiveCfg = Debug|iPhone
		{2FE0FB4F-78F3-460E-A0AF-DF443AF4A9C3}.Debug|iPhone.Build.0 = Debug|iPhone
		{2FE0FB4F-78F3-460E-A0AF-DF443AF4A9C3}.Debug|iPhoneSimulator.ActiveCfg = Debug|iPhoneSimulator
		{2FE0FB4F-78F3-460E-A0AF-DF443AF4A9C3}.Debug|iPhoneSimulator.Build.0 = Debug|iPhoneSimulator
		{2FE0FB4F-78F3-460E-A0AF-DF443AF4A9C3}.Release|Any CPU.ActiveCfg = Release|iPhone
		{2FE0FB4F-78F3-460E-A0AF-DF443AF4A9C3}.Release|iPhone.ActiveCfg = Release|iPhone
		{2FE0FB4F-78F3-460E-A0AF-DF443AF4A9C3}.Release|iPhone.Build.0 = Release|iPhone
		{2FE0FB4F-78F3-460E-A0AF-DF443AF4A9C3}.Release|iPhoneSimulator.ActiveCfg = Release|iPhoneSimulator
		{2FE0FB4F-78F3-460E-A0AF-DF443AF4A9C3}.Release|iPhoneSimulator.Build.0 = Release|iPhoneSimulator
		{7D076F0D-2CE5-4A77-9163-05745B162ADD}.Ad-Hoc|Any CPU.ActiveCfg = Debug|Any CPU
		{7D076F0D-2CE5-4A77-9163-05745B162ADD}.Ad-Hoc|Any CPU.Build.0 = Debug|Any CPU
		{7D076F0D-2CE5-4A77-9163-05745B162ADD}.Ad-Hoc|iPhone.ActiveCfg = Debug|Any CPU
		{7D076F0D-2CE5-4A77-9163-05745B162ADD}.Ad-Hoc|iPhone.Build.0 = Debug|Any CPU
		{7D076F0D-2CE5-4A77-9163-05745B162ADD}.Ad-Hoc|iPhoneSimulator.ActiveCfg = Debug|Any CPU
		{7D076F0D-2CE5-4A77-9163-05745B162ADD}.Ad-Hoc|iPhoneSimulator.Build.0 = Debug|Any CPU
		{7D076F0D-2CE5-4A77-9163-05745B162ADD}.AppStore|Any CPU.ActiveCfg = Debug|Any CPU
		{7D076F0D-2CE5-4A77-9163-05745B162ADD}.AppStore|Any CPU.Build.0 = Debug|Any CPU
		{7D076F0D-2CE5-4A77-9163-05745B162ADD}.AppStore|iPhone.ActiveCfg = Debug|Any CPU
		{7D076F0D-2CE5-4A77-9163-05745B162ADD}.AppStore|iPhone.Build.0 = Debug|Any CPU
		{7D076F0D-2CE5-4A77-9163-05745B162ADD}.AppStore|iPhoneSimulator.ActiveCfg = Debug|Any CPU
		{7D076F0D-2CE5-4A77-9163-05745B162ADD}.AppStore|iPhoneSimulator.Build.0 = Debug|Any CPU
		{7D076F0D-2CE5-4A77-9163-05745B162ADD}.Debug|Any CPU.ActiveCfg = Debug|Any CPU
		{7D076F0D-2CE5-4A77-9163-05745B162ADD}.Debug|Any CPU.Build.0 = Debug|Any CPU
		{7D076F0D-2CE5-4A77-9163-05745B162ADD}.Debug|iPhone.ActiveCfg = Debug|Any CPU
		{7D076F0D-2CE5-4A77-9163-05745B162ADD}.Debug|iPhone.Build.0 = Debug|Any CPU
		{7D076F0D-2CE5-4A77-9163-05745B162ADD}.Debug|iPhoneSimulator.ActiveCfg = Debug|Any CPU
		{7D076F0D-2CE5-4A77-9163-05745B162ADD}.Debug|iPhoneSimulator.Build.0 = Debug|Any CPU
		{7D076F0D-2CE5-4A77-9163-05745B162ADD}.Release|Any CPU.ActiveCfg = Release|Any CPU
		{7D076F0D-2CE5-4A77-9163-05745B162ADD}.Release|Any CPU.Build.0 = Release|Any CPU
		{7D076F0D-2CE5-4A77-9163-05745B162ADD}.Release|iPhone.ActiveCfg = Release|Any CPU
		{7D076F0D-2CE5-4A77-9163-05745B162ADD}.Release|iPhone.Build.0 = Release|Any CPU
		{7D076F0D-2CE5-4A77-9163-05745B162ADD}.Release|iPhoneSimulator.ActiveCfg = Release|Any CPU
		{7D076F0D-2CE5-4A77-9163-05745B162ADD}.Release|iPhoneSimulator.Build.0 = Release|Any CPU
	EndGlobalSection
	GlobalSection(SolutionProperties) = preSolution
		HideSolutionNode = FALSE
	EndGlobalSection
	GlobalSection(ExtensibilityGlobals) = postSolution
		SolutionGuid = {93783C3C-A2CC-4180-8633-DBFFED1A24ED}
	EndGlobalSection
EndGlobal
