
Microsoft Visual Studio Solution File, Format Version 12.00
# Visual Studio 15
VisualStudioVersion = 15.0.27703.2000
MinimumVisualStudioVersion = 10.0.40219.1
Project("{FAE04EC0-301F-11D3-BF4B-00C04F79EFBC}") = "TrackApp.Android", "TrackApp\TrackApp.Android\TrackApp.Android.csproj", "{EED0A536-C42C-42B6-B6CF-E18E0DC141B0}"
EndProject
Project("{FAE04EC0-301F-11D3-BF4B-00C04F79EFBC}") = "TrackApp.iOS", "TrackApp\TrackApp.iOS\TrackApp.iOS.csproj", "{B6307165-16CA-4472-A6FD-FF54267FADE6}"
EndProject
Project("{D954291E-2A0B-460D-934E-DC6B0785DB48}") = "TrackApp", "TrackApp\TrackApp\TrackApp.shproj", "{472CFE47-04C1-41C4-8922-918A0EC69D34}"
EndProject
Global
	GlobalSection(SharedMSBuildProjectFiles) = preSolution
		TrackApp\TrackApp\TrackApp.projitems*{472cfe47-04c1-41c4-8922-918a0ec69d34}*SharedItemsImports = 13
		TrackApp\TrackApp\TrackApp.projitems*{b6307165-16ca-4472-a6fd-ff54267fade6}*SharedItemsImports = 4
		TrackApp\TrackApp\TrackApp.projitems*{eed0a536-c42c-42b6-b6cf-e18e0dc141b0}*SharedItemsImports = 4
	EndGlobalSection
	GlobalSection(SolutionConfigurationPlatforms) = preSolution
		Ad-Hoc|Any CPU = Ad-Hoc|Any CPU
		Ad-Hoc|iPhone = Ad-Hoc|iPhone
		Ad-Hoc|iPhoneSimulator = Ad-Hoc|iPhoneSimulator
		AppStore|Any CPU = AppStore|Any CPU
		AppStore|iPhone = AppStore|iPhone
		AppStore|iPhoneSimulator = AppStore|iPhoneSimulator
		Debug|Any CPU = Debug|Any CPU
		Debug|iPhone = Debug|iPhone
		Debug|iPhoneSimulator = Debug|iPhoneSimulator
		Release|Any CPU = Release|Any CPU
		Release|iPhone = Release|iPhone
		Release|iPhoneSimulator = Release|iPhoneSimulator
	EndGlobalSection
	GlobalSection(ProjectConfigurationPlatforms) = postSolution
		{EED0A536-C42C-42B6-B6CF-E18E0DC141B0}.Ad-Hoc|Any CPU.ActiveCfg = Release|Any CPU
		{EED0A536-C42C-42B6-B6CF-E18E0DC141B0}.Ad-Hoc|Any CPU.Build.0 = Release|Any CPU
		{EED0A536-C42C-42B6-B6CF-E18E0DC141B0}.Ad-Hoc|Any CPU.Deploy.0 = Release|Any CPU
		{EED0A536-C42C-42B6-B6CF-E18E0DC141B0}.Ad-Hoc|iPhone.ActiveCfg = Release|Any CPU
		{EED0A536-C42C-42B6-B6CF-E18E0DC141B0}.Ad-Hoc|iPhone.Build.0 = Release|Any CPU
		{EED0A536-C42C-42B6-B6CF-E18E0DC141B0}.Ad-Hoc|iPhone.Deploy.0 = Release|Any CPU
		{EED0A536-C42C-42B6-B6CF-E18E0DC141B0}.Ad-Hoc|iPhoneSimulator.ActiveCfg = Release|Any CPU
		{EED0A536-C42C-42B6-B6CF-E18E0DC141B0}.Ad-Hoc|iPhoneSimulator.Build.0 = Release|Any CPU
		{EED0A536-C42C-42B6-B6CF-E18E0DC141B0}.Ad-Hoc|iPhoneSimulator.Deploy.0 = Release|Any CPU
		{EED0A536-C42C-42B6-B6CF-E18E0DC141B0}.AppStore|Any CPU.ActiveCfg = Release|Any CPU
		{EED0A536-C42C-42B6-B6CF-E18E0DC141B0}.AppStore|Any CPU.Build.0 = Release|Any CPU
		{EED0A536-C42C-42B6-B6CF-E18E0DC141B0}.AppStore|Any CPU.Deploy.0 = Release|Any CPU
		{EED0A536-C42C-42B6-B6CF-E18E0DC141B0}.AppStore|iPhone.ActiveCfg = Release|Any CPU
		{EED0A536-C42C-42B6-B6CF-E18E0DC141B0}.AppStore|iPhone.Build.0 = Release|Any CPU
		{EED0A536-C42C-42B6-B6CF-E18E0DC141B0}.AppStore|iPhone.Deploy.0 = Release|Any CPU
		{EED0A536-C42C-42B6-B6CF-E18E0DC141B0}.AppStore|iPhoneSimulator.ActiveCfg = Release|Any CPU
		{EED0A536-C42C-42B6-B6CF-E18E0DC141B0}.AppStore|iPhoneSimulator.Build.0 = Release|Any CPU
		{EED0A536-C42C-42B6-B6CF-E18E0DC141B0}.AppStore|iPhoneSimulator.Deploy.0 = Release|Any CPU
		{EED0A536-C42C-42B6-B6CF-E18E0DC141B0}.Debug|Any CPU.ActiveCfg = Debug|Any CPU
		{EED0A536-C42C-42B6-B6CF-E18E0DC141B0}.Debug|Any CPU.Build.0 = Debug|Any CPU
		{EED0A536-C42C-42B6-B6CF-E18E0DC141B0}.Debug|Any CPU.Deploy.0 = Debug|Any CPU
		{EED0A536-C42C-42B6-B6CF-E18E0DC141B0}.Debug|iPhone.ActiveCfg = Debug|Any CPU
		{EED0A536-C42C-42B6-B6CF-E18E0DC141B0}.Debug|iPhone.Build.0 = Debug|Any CPU
		{EED0A536-C42C-42B6-B6CF-E18E0DC141B0}.Debug|iPhone.Deploy.0 = Debug|Any CPU
		{EED0A536-C42C-42B6-B6CF-E18E0DC141B0}.Debug|iPhoneSimulator.ActiveCfg = Debug|Any CPU
		{EED0A536-C42C-42B6-B6CF-E18E0DC141B0}.Debug|iPhoneSimulator.Build.0 = Debug|Any CPU
		{EED0A536-C42C-42B6-B6CF-E18E0DC141B0}.Debug|iPhoneSimulator.Deploy.0 = Debug|Any CPU
		{EED0A536-C42C-42B6-B6CF-E18E0DC141B0}.Release|Any CPU.ActiveCfg = Release|Any CPU
		{EED0A536-C42C-42B6-B6CF-E18E0DC141B0}.Release|Any CPU.Build.0 = Release|Any CPU
		{EED0A536-C42C-42B6-B6CF-E18E0DC141B0}.Release|Any CPU.Deploy.0 = Release|Any CPU
		{EED0A536-C42C-42B6-B6CF-E18E0DC141B0}.Release|iPhone.ActiveCfg = Release|Any CPU
		{EED0A536-C42C-42B6-B6CF-E18E0DC141B0}.Release|iPhone.Build.0 = Release|Any CPU
		{EED0A536-C42C-42B6-B6CF-E18E0DC141B0}.Release|iPhone.Deploy.0 = Release|Any CPU
		{EED0A536-C42C-42B6-B6CF-E18E0DC141B0}.Release|iPhoneSimulator.ActiveCfg = Release|Any CPU
		{EED0A536-C42C-42B6-B6CF-E18E0DC141B0}.Release|iPhoneSimulator.Build.0 = Release|Any CPU
		{EED0A536-C42C-42B6-B6CF-E18E0DC141B0}.Release|iPhoneSimulator.Deploy.0 = Release|Any CPU
		{B6307165-16CA-4472-A6FD-FF54267FADE6}.Ad-Hoc|Any CPU.ActiveCfg = Ad-Hoc|iPhone
		{B6307165-16CA-4472-A6FD-FF54267FADE6}.Ad-Hoc|Any CPU.Build.0 = Ad-Hoc|iPhone
		{B6307165-16CA-4472-A6FD-FF54267FADE6}.Ad-Hoc|Any CPU.Deploy.0 = Ad-Hoc|iPhone
		{B6307165-16CA-4472-A6FD-FF54267FADE6}.Ad-Hoc|iPhone.ActiveCfg = Ad-Hoc|iPhone
		{B6307165-16CA-4472-A6FD-FF54267FADE6}.Ad-Hoc|iPhone.Build.0 = Ad-Hoc|iPhone
		{B6307165-16CA-4472-A6FD-FF54267FADE6}.Ad-Hoc|iPhone.Deploy.0 = Ad-Hoc|iPhone
		{B6307165-16CA-4472-A6FD-FF54267FADE6}.Ad-Hoc|iPhoneSimulator.ActiveCfg = Ad-Hoc|iPhoneSimulator
		{B6307165-16CA-4472-A6FD-FF54267FADE6}.Ad-Hoc|iPhoneSimulator.Build.0 = Ad-Hoc|iPhoneSimulator
		{B6307165-16CA-4472-A6FD-FF54267FADE6}.Ad-Hoc|iPhoneSimulator.Deploy.0 = Ad-Hoc|iPhoneSimulator
		{B6307165-16CA-4472-A6FD-FF54267FADE6}.AppStore|Any CPU.ActiveCfg = AppStore|iPhone
		{B6307165-16CA-4472-A6FD-FF54267FADE6}.AppStore|Any CPU.Build.0 = AppStore|iPhone
		{B6307165-16CA-4472-A6FD-FF54267FADE6}.AppStore|Any CPU.Deploy.0 = AppStore|iPhone
		{B6307165-16CA-4472-A6FD-FF54267FADE6}.AppStore|iPhone.ActiveCfg = AppStore|iPhone
		{B6307165-16CA-4472-A6FD-FF54267FADE6}.AppStore|iPhone.Build.0 = AppStore|iPhone
		{B6307165-16CA-4472-A6FD-FF54267FADE6}.AppStore|iPhone.Deploy.0 = AppStore|iPhone
		{B6307165-16CA-4472-A6FD-FF54267FADE6}.AppStore|iPhoneSimulator.ActiveCfg = AppStore|iPhoneSimulator
		{B6307165-16CA-4472-A6FD-FF54267FADE6}.AppStore|iPhoneSimulator.Build.0 = AppStore|iPhoneSimulator
		{B6307165-16CA-4472-A6FD-FF54267FADE6}.AppStore|iPhoneSimulator.Deploy.0 = AppStore|iPhoneSimulator
		{B6307165-16CA-4472-A6FD-FF54267FADE6}.Debug|Any CPU.ActiveCfg = Debug|iPhoneSimulator
		{B6307165-16CA-4472-A6FD-FF54267FADE6}.Debug|Any CPU.Build.0 = Debug|iPhoneSimulator
		{B6307165-16CA-4472-A6FD-FF54267FADE6}.Debug|Any CPU.Deploy.0 = Debug|iPhoneSimulator
		{B6307165-16CA-4472-A6FD-FF54267FADE6}.Debug|iPhone.ActiveCfg = Debug|iPhone
		{B6307165-16CA-4472-A6FD-FF54267FADE6}.Debug|iPhone.Build.0 = Debug|iPhone
		{B6307165-16CA-4472-A6FD-FF54267FADE6}.Debug|iPhone.Deploy.0 = Debug|iPhone
		{B6307165-16CA-4472-A6FD-FF54267FADE6}.Debug|iPhoneSimulator.ActiveCfg = Debug|iPhoneSimulator
		{B6307165-16CA-4472-A6FD-FF54267FADE6}.Debug|iPhoneSimulator.Build.0 = Debug|iPhoneSimulator
		{B6307165-16CA-4472-A6FD-FF54267FADE6}.Debug|iPhoneSimulator.Deploy.0 = Debug|iPhoneSimulator
		{B6307165-16CA-4472-A6FD-FF54267FADE6}.Release|Any CPU.ActiveCfg = Release|iPhone
		{B6307165-16CA-4472-A6FD-FF54267FADE6}.Release|Any CPU.Build.0 = Release|iPhone
		{B6307165-16CA-4472-A6FD-FF54267FADE6}.Release|Any CPU.Deploy.0 = Release|iPhone
		{B6307165-16CA-4472-A6FD-FF54267FADE6}.Release|iPhone.ActiveCfg = Release|iPhone
		{B6307165-16CA-4472-A6FD-FF54267FADE6}.Release|iPhone.Build.0 = Release|iPhone
		{B6307165-16CA-4472-A6FD-FF54267FADE6}.Release|iPhone.Deploy.0 = Release|iPhone
		{B6307165-16CA-4472-A6FD-FF54267FADE6}.Release|iPhoneSimulator.ActiveCfg = Release|iPhoneSimulator
		{B6307165-16CA-4472-A6FD-FF54267FADE6}.Release|iPhoneSimulator.Build.0 = Release|iPhoneSimulator
		{B6307165-16CA-4472-A6FD-FF54267FADE6}.Release|iPhoneSimulator.Deploy.0 = Release|iPhoneSimulator
	EndGlobalSection
	GlobalSection(SolutionProperties) = preSolution
		HideSolutionNode = FALSE
	EndGlobalSection
	GlobalSection(ExtensibilityGlobals) = postSolution
		SolutionGuid = {0C80B511-43ED-465A-836E-203CEAB74B74}
	EndGlobalSection
EndGlobal
