
Microsoft Visual Studio Solution File, Format Version 12.00
# Visual Studio 15
VisualStudioVersion = 15.0.27703.2000
MinimumVisualStudioVersion = 10.0.40219.1
Project("{FAE04EC0-301F-11D3-BF4B-00C04F79EFBC}") = "TrackApp.Android", "TrackApp\TrackApp.Android\TrackApp.Android.csproj", "{90E7A61A-355D-423F-80B7-608EB348FFCF}"
EndProject
Project("{FAE04EC0-301F-11D3-BF4B-00C04F79EFBC}") = "TrackApp.iOS", "TrackApp\TrackApp.iOS\TrackApp.iOS.csproj", "{8B65C486-0ED3-4330-B7E6-C1F15185C68D}"
EndProject
Project("{D954291E-2A0B-460D-934E-DC6B0785DB48}") = "TrackApp", "TrackApp\TrackApp\TrackApp.shproj", "{1D9AA843-B607-473F-A692-1EE519337B46}"
EndProject
Global
	GlobalSection(SharedMSBuildProjectFiles) = preSolution
		TrackApp\TrackApp\TrackApp.projitems*{1d9aa843-b607-473f-a692-1ee519337b46}*SharedItemsImports = 13
		TrackApp\TrackApp\TrackApp.projitems*{8b65c486-0ed3-4330-b7e6-c1f15185c68d}*SharedItemsImports = 4
		TrackApp\TrackApp\TrackApp.projitems*{90e7a61a-355d-423f-80b7-608eb348ffcf}*SharedItemsImports = 4
	EndGlobalSection
	GlobalSection(SolutionConfigurationPlatforms) = preSolution
		Ad-Hoc|Any CPU = Ad-Hoc|Any CPU
		Ad-Hoc|iPhone = Ad-Hoc|iPhone
		Ad-Hoc|iPhoneSimulator = Ad-Hoc|iPhoneSimulator
		AppStore|Any CPU = AppStore|Any CPU
		AppStore|iPhone = AppStore|iPhone
		AppStore|iPhoneSimulator = AppStore|iPhoneSimulator
		Debug|Any CPU = Debug|Any CPU
		Debug|iPhone = Debug|iPhone
		Debug|iPhoneSimulator = Debug|iPhoneSimulator
		Release|Any CPU = Release|Any CPU
		Release|iPhone = Release|iPhone
		Release|iPhoneSimulator = Release|iPhoneSimulator
	EndGlobalSection
	GlobalSection(ProjectConfigurationPlatforms) = postSolution
		{90E7A61A-355D-423F-80B7-608EB348FFCF}.Ad-Hoc|Any CPU.ActiveCfg = Release|Any CPU
		{90E7A61A-355D-423F-80B7-608EB348FFCF}.Ad-Hoc|Any CPU.Build.0 = Release|Any CPU
		{90E7A61A-355D-423F-80B7-608EB348FFCF}.Ad-Hoc|Any CPU.Deploy.0 = Release|Any CPU
		{90E7A61A-355D-423F-80B7-608EB348FFCF}.Ad-Hoc|iPhone.ActiveCfg = Release|Any CPU
		{90E7A61A-355D-423F-80B7-608EB348FFCF}.Ad-Hoc|iPhone.Build.0 = Release|Any CPU
		{90E7A61A-355D-423F-80B7-608EB348FFCF}.Ad-Hoc|iPhone.Deploy.0 = Release|Any CPU
		{90E7A61A-355D-423F-80B7-608EB348FFCF}.Ad-Hoc|iPhoneSimulator.ActiveCfg = Release|Any CPU
		{90E7A61A-355D-423F-80B7-608EB348FFCF}.Ad-Hoc|iPhoneSimulator.Build.0 = Release|Any CPU
		{90E7A61A-355D-423F-80B7-608EB348FFCF}.Ad-Hoc|iPhoneSimulator.Deploy.0 = Release|Any CPU
		{90E7A61A-355D-423F-80B7-608EB348FFCF}.AppStore|Any CPU.ActiveCfg = Release|Any CPU
		{90E7A61A-355D-423F-80B7-608EB348FFCF}.AppStore|Any CPU.Build.0 = Release|Any CPU
		{90E7A61A-355D-423F-80B7-608EB348FFCF}.AppStore|Any CPU.Deploy.0 = Release|Any CPU
		{90E7A61A-355D-423F-80B7-608EB348FFCF}.AppStore|iPhone.ActiveCfg = Release|Any CPU
		{90E7A61A-355D-423F-80B7-608EB348FFCF}.AppStore|iPhone.Build.0 = Release|Any CPU
		{90E7A61A-355D-423F-80B7-608EB348FFCF}.AppStore|iPhone.Deploy.0 = Release|Any CPU
		{90E7A61A-355D-423F-80B7-608EB348FFCF}.AppStore|iPhoneSimulator.ActiveCfg = Release|Any CPU
		{90E7A61A-355D-423F-80B7-608EB348FFCF}.AppStore|iPhoneSimulator.Build.0 = Release|Any CPU
		{90E7A61A-355D-423F-80B7-608EB348FFCF}.AppStore|iPhoneSimulator.Deploy.0 = Release|Any CPU
		{90E7A61A-355D-423F-80B7-608EB348FFCF}.Debug|Any CPU.ActiveCfg = Debug|Any CPU
		{90E7A61A-355D-423F-80B7-608EB348FFCF}.Debug|Any CPU.Build.0 = Debug|Any CPU
		{90E7A61A-355D-423F-80B7-608EB348FFCF}.Debug|Any CPU.Deploy.0 = Debug|Any CPU
		{90E7A61A-355D-423F-80B7-608EB348FFCF}.Debug|iPhone.ActiveCfg = Debug|Any CPU
		{90E7A61A-355D-423F-80B7-608EB348FFCF}.Debug|iPhone.Build.0 = Debug|Any CPU
		{90E7A61A-355D-423F-80B7-608EB348FFCF}.Debug|iPhone.Deploy.0 = Debug|Any CPU
		{90E7A61A-355D-423F-80B7-608EB348FFCF}.Debug|iPhoneSimulator.ActiveCfg = Debug|Any CPU
		{90E7A61A-355D-423F-80B7-608EB348FFCF}.Debug|iPhoneSimulator.Build.0 = Debug|Any CPU
		{90E7A61A-355D-423F-80B7-608EB348FFCF}.Debug|iPhoneSimulator.Deploy.0 = Debug|Any CPU
		{90E7A61A-355D-423F-80B7-608EB348FFCF}.Release|Any CPU.ActiveCfg = Release|Any CPU
		{90E7A61A-355D-423F-80B7-608EB348FFCF}.Release|Any CPU.Build.0 = Release|Any CPU
		{90E7A61A-355D-423F-80B7-608EB348FFCF}.Release|Any CPU.Deploy.0 = Release|Any CPU
		{90E7A61A-355D-423F-80B7-608EB348FFCF}.Release|iPhone.ActiveCfg = Release|Any CPU
		{90E7A61A-355D-423F-80B7-608EB348FFCF}.Release|iPhone.Build.0 = Release|Any CPU
		{90E7A61A-355D-423F-80B7-608EB348FFCF}.Release|iPhone.Deploy.0 = Release|Any CPU
		{90E7A61A-355D-423F-80B7-608EB348FFCF}.Release|iPhoneSimulator.ActiveCfg = Release|Any CPU
		{90E7A61A-355D-423F-80B7-608EB348FFCF}.Release|iPhoneSimulator.Build.0 = Release|Any CPU
		{90E7A61A-355D-423F-80B7-608EB348FFCF}.Release|iPhoneSimulator.Deploy.0 = Release|Any CPU
		{8B65C486-0ED3-4330-B7E6-C1F15185C68D}.Ad-Hoc|Any CPU.ActiveCfg = Ad-Hoc|iPhone
		{8B65C486-0ED3-4330-B7E6-C1F15185C68D}.Ad-Hoc|Any CPU.Build.0 = Ad-Hoc|iPhone
		{8B65C486-0ED3-4330-B7E6-C1F15185C68D}.Ad-Hoc|Any CPU.Deploy.0 = Ad-Hoc|iPhone
		{8B65C486-0ED3-4330-B7E6-C1F15185C68D}.Ad-Hoc|iPhone.ActiveCfg = Ad-Hoc|iPhone
		{8B65C486-0ED3-4330-B7E6-C1F15185C68D}.Ad-Hoc|iPhone.Build.0 = Ad-Hoc|iPhone
		{8B65C486-0ED3-4330-B7E6-C1F15185C68D}.Ad-Hoc|iPhone.Deploy.0 = Ad-Hoc|iPhone
		{8B65C486-0ED3-4330-B7E6-C1F15185C68D}.Ad-Hoc|iPhoneSimulator.ActiveCfg = Ad-Hoc|iPhoneSimulator
		{8B65C486-0ED3-4330-B7E6-C1F15185C68D}.Ad-Hoc|iPhoneSimulator.Build.0 = Ad-Hoc|iPhoneSimulator
		{8B65C486-0ED3-4330-B7E6-C1F15185C68D}.Ad-Hoc|iPhoneSimulator.Deploy.0 = Ad-Hoc|iPhoneSimulator
		{8B65C486-0ED3-4330-B7E6-C1F15185C68D}.AppStore|Any CPU.ActiveCfg = AppStore|iPhone
		{8B65C486-0ED3-4330-B7E6-C1F15185C68D}.AppStore|Any CPU.Build.0 = AppStore|iPhone
		{8B65C486-0ED3-4330-B7E6-C1F15185C68D}.AppStore|Any CPU.Deploy.0 = AppStore|iPhone
		{8B65C486-0ED3-4330-B7E6-C1F15185C68D}.AppStore|iPhone.ActiveCfg = AppStore|iPhone
		{8B65C486-0ED3-4330-B7E6-C1F15185C68D}.AppStore|iPhone.Build.0 = AppStore|iPhone
		{8B65C486-0ED3-4330-B7E6-C1F15185C68D}.AppStore|iPhone.Deploy.0 = AppStore|iPhone
		{8B65C486-0ED3-4330-B7E6-C1F15185C68D}.AppStore|iPhoneSimulator.ActiveCfg = AppStore|iPhoneSimulator
		{8B65C486-0ED3-4330-B7E6-C1F15185C68D}.AppStore|iPhoneSimulator.Build.0 = AppStore|iPhoneSimulator
		{8B65C486-0ED3-4330-B7E6-C1F15185C68D}.AppStore|iPhoneSimulator.Deploy.0 = AppStore|iPhoneSimulator
		{8B65C486-0ED3-4330-B7E6-C1F15185C68D}.Debug|Any CPU.ActiveCfg = Debug|iPhoneSimulator
		{8B65C486-0ED3-4330-B7E6-C1F15185C68D}.Debug|Any CPU.Build.0 = Debug|iPhoneSimulator
		{8B65C486-0ED3-4330-B7E6-C1F15185C68D}.Debug|Any CPU.Deploy.0 = Debug|iPhoneSimulator
		{8B65C486-0ED3-4330-B7E6-C1F15185C68D}.Debug|iPhone.ActiveCfg = Debug|iPhone
		{8B65C486-0ED3-4330-B7E6-C1F15185C68D}.Debug|iPhone.Build.0 = Debug|iPhone
		{8B65C486-0ED3-4330-B7E6-C1F15185C68D}.Debug|iPhone.Deploy.0 = Debug|iPhone
		{8B65C486-0ED3-4330-B7E6-C1F15185C68D}.Debug|iPhoneSimulator.ActiveCfg = Debug|iPhoneSimulator
		{8B65C486-0ED3-4330-B7E6-C1F15185C68D}.Debug|iPhoneSimulator.Build.0 = Debug|iPhoneSimulator
		{8B65C486-0ED3-4330-B7E6-C1F15185C68D}.Debug|iPhoneSimulator.Deploy.0 = Debug|iPhoneSimulator
		{8B65C486-0ED3-4330-B7E6-C1F15185C68D}.Release|Any CPU.ActiveCfg = Release|iPhone
		{8B65C486-0ED3-4330-B7E6-C1F15185C68D}.Release|Any CPU.Build.0 = Release|iPhone
		{8B65C486-0ED3-4330-B7E6-C1F15185C68D}.Release|Any CPU.Deploy.0 = Release|iPhone
		{8B65C486-0ED3-4330-B7E6-C1F15185C68D}.Release|iPhone.ActiveCfg = Release|iPhone
		{8B65C486-0ED3-4330-B7E6-C1F15185C68D}.Release|iPhone.Build.0 = Release|iPhone
		{8B65C486-0ED3-4330-B7E6-C1F15185C68D}.Release|iPhone.Deploy.0 = Release|iPhone
		{8B65C486-0ED3-4330-B7E6-C1F15185C68D}.Release|iPhoneSimulator.ActiveCfg = Release|iPhoneSimulator
		{8B65C486-0ED3-4330-B7E6-C1F15185C68D}.Release|iPhoneSimulator.Build.0 = Release|iPhoneSimulator
		{8B65C486-0ED3-4330-B7E6-C1F15185C68D}.Release|iPhoneSimulator.Deploy.0 = Release|iPhoneSimulator
	EndGlobalSection
	GlobalSection(SolutionProperties) = preSolution
		HideSolutionNode = FALSE
	EndGlobalSection
	GlobalSection(ExtensibilityGlobals) = postSolution
		SolutionGuid = {0C2B9201-4908-4114-AA63-8AC8481A9307}
	EndGlobalSection
EndGlobal
